
Microsoft Visual Studio Solution File, Format Version 12.00
# Visual Studio Version 16
VisualStudioVersion = 16.0.31911.196
MinimumVisualStudioVersion = 10.0.40219.1
Project("{FAE04EC0-301F-11D3-BF4B-00C04F79EFBC}") = "LaBrasaAPI", "LaBrasaAPI\LaBrasaAPI.csproj", "{12D495FF-1935-46A6-AF71-8D4EF1B4DE3D}"
EndProject
Global
	GlobalSection(SolutionConfigurationPlatforms) = preSolution
		Debug|Any CPU = Debug|Any CPU
		Release|Any CPU = Release|Any CPU
	EndGlobalSection
	GlobalSection(ProjectConfigurationPlatforms) = postSolution
		{12D495FF-1935-46A6-AF71-8D4EF1B4DE3D}.Debug|Any CPU.ActiveCfg = Debug|Any CPU
		{12D495FF-1935-46A6-AF71-8D4EF1B4DE3D}.Debug|Any CPU.Build.0 = Debug|Any CPU
		{12D495FF-1935-46A6-AF71-8D4EF1B4DE3D}.Release|Any CPU.ActiveCfg = Release|Any CPU
		{12D495FF-1935-46A6-AF71-8D4EF1B4DE3D}.Release|Any CPU.Build.0 = Release|Any CPU
	EndGlobalSection
	GlobalSection(SolutionProperties) = preSolution
		HideSolutionNode = FALSE
	EndGlobalSection
	GlobalSection(ExtensibilityGlobals) = postSolution
		SolutionGuid = {67DE4C23-3A77-4C57-AA8F-081031FB092A}
	EndGlobalSection
EndGlobal
